github.com/aws/aws-lambda-go v1.54.0 h1:EGYpdyRGF88xszqlGcBewz811mJeRS+maNlLZXFheII=
github.com/aws/aws-lambda-go v1.54.0/go.mod h1:dpMpZgvWx5vuQJfBt0zqBha60q7Dd7RfgJv23DymV8A=
github.com/aws/aws-sdk-go-v2 v1.38.1 h1:j7sc33amE74Rz0M/PoCpsZQ6OunLqys/m5antM0J+Z8=
github.com/aws/aws-sdk-go-v2 v1.38.1/go.mod h1:9Q0OoGQoboYIAJyslFyF1f5K1Ryddop8gqMhWx/n4Wg=
github.com/aws/aws-sdk-go-v2/aws/protocol/eventstream v1.6.10 h1:zAybnyUQXIZ5mok5Jqwlf58/TFE7uvd3IAsa1aF9cXs=
github.com/aws/aws-sdk-go-v2/aws/protocol/eventstream v1.6.10/go.mod h1:qqvMj6gHLR/EXWZw4ZbqlPbQUyenf4h82UQUlKc+l14=
github.com/aws/aws-sdk-go-v2/config v1.29.6 h1:fqgqEKK5HaZVWLQoLiC9Q+xDlSp+1LYidp6ybGE2OGg=
github.com/aws/aws-sdk-go-v2/config v1.29.6/go.mod h1:Ft+WLODzDQmCTHDvqAH1JfC2xxbZ0MxpZAcJqmE1LTQ=
github.com/aws/aws-sdk-go-v2/credentials v1.17.59 h1:9btwmrt//Q6JcSdgJOLI98sdr5p7tssS9yAsGe8aKP4=
github.com/aws/aws-sdk-go-v2/credentials v1.17.59/go.mod h1:NM8fM6ovI3zak23UISdWidyZuI1ghNe2xjzUZAyT+08=
github.com/aws/aws-sdk-go-v2/feature/ec2/imds v1.16.28 h1:KwsodFKVQTlI5EyhRSugALzsV6mG/SGrdjlMXSZSdso=
github.com/aws/aws-sdk-go-v2/feature/ec2/imds v1.16.28/go.mod h1:EY3APf9MzygVhKuPXAc5H+MkGb8k/DOSQjWS0LgkKqI=
github.com/aws/aws-sdk-go-v2/internal/configsources v1.4.4 h1:IdCLsiiIj5YJ3AFevsewURCPV+YWUlOW8JiPhoAy8vg=
github.com/aws/aws-sdk-go-v2/internal/configsources v1.4.4/go.mod h1:l4bdfCD7XyyZA9BolKBo1eLqgaJxl0/x91PL4Yqe0ao=
github.com/aws/aws-sdk-go-v2/internal/endpoints/v2 v2.7.4 h1:j7vjtr1YIssWQOMeOWRbh3z8g2oY/xPjnZH2gLY4sGw=
github.com/aws/aws-sdk-go-v2/internal/endpoints/v2 v2.7.4/go.mod h1:yDmJgqOiH4EA8Hndnv4KwAo8jCGTSnM5ASG1nBI+toA=
github.com/aws/aws-sdk-go-v2/internal/ini v1.8.2 h1:Pg9URiobXy85kgFev3og2CuOZ8JZUBENF+dcgWBaYNk=
github.com/aws/aws-sdk-go-v2/internal/ini v1.8.2/go.mod h1:FbtygfRFze9usAadmnGJNc8KsP346kEe+y2/oyhGAGc=
github.com/aws/aws-sdk-go-v2/service/cloudwatch v1.47.0 h1:Lpr8QXTUoSqu+E6YTxQlmPnvCE4gouG+vHpzhSYAU/Y=
github.com/aws/aws-sdk-go-v2/service/cloudwatch v1.47.0/go.mod h1:Izz13TvjH3bi2LxgMybJYhrY1UJ9N4c4l/th1iLvRDI=
github.com/aws/aws-sdk-go-v2/service/cloudwatchlogs v1.49.0 h1:9ZzkbHkNpjBKx6r9GlskIXTB8Nfvp0PSlKyIuWjY7Cg=
github.com/aws/aws-sdk-go-v2/service/cloudwatchlogs v1.49.0/go.mod h1:uo14VBn5cNk/BPGTPz3kyLBxgpgOObgO8lmz+H7Z4Ck=
github.com/aws/aws-sdk-go-v2/service/ecs v1.61.0 h1:2VrFedi1M671QYjgwUoBVTLNnYJLHEWziQGxI4b7VP8=
github.com/aws/aws-sdk-go-v2/service/ecs v1.61.0/go.mod h1:y/YTnHG2QTWQ4dPVyY0oFHMGuwpS2Ys+4TfrcY5eqVs=
github.com/aws/aws-sdk-go-v2/service/internal/accept-encoding v1.12.2 h1:D4oz8/CzT9bAEYtVhSBmFj2dNOtaHOtMKc2vHBwYizA=
github.com/aws/aws-sdk-go-v2/service/internal/accept-encoding v1.12.2/go.mod h1:Za3IHqTQ+yNcRHxu1OFucBh0ACZT4j4VQFF0BqpZcLY=
github.com/aws/aws-sdk-go-v2/service/internal/presigned-url v1.12.13 h1:SYVGSFQHlchIcy6e7x12bsrxClCXSP5et8cqVhL8cuw=
github.com/aws/aws-sdk-go-v2/service/internal/presigned-url v1.12.13/go.mod h1:kizuDaLX37bG5WZaoxGPQR/LNFXpxp0vsUnqfkWXfNE=
github.com/aws/aws-sdk-go-v2/service/sqs v1.42.0 h1:dbxXhQu0wVhmGY8qnSXUEFZ4ZfQFTjBDEadxsmgtdS8=
github.com/aws/aws-sdk-go-v2/service/sqs v1.42.0/go.mod h1:0k5UwPsBKX/vDEEP8T5YDW/cBjiOw6BwRsRtA3BMNoM=
github.com/aws/aws-sdk-go-v2/service/ssm v1.62.0 h1:o/2RGV3LouWdbEFpODWRQTw1VSSNOJ8Bh2StX8BpcFs=
github.com/aws/aws-sdk-go-v2/service/ssm v1.62.0/go.mod h1:Q42zmnvaj33ibL1cPu7N2hvQx6D19Rf94ScnppcQIlU=
github.com/aws/aws-sdk-go-v2/service/sso v1.24.15 h1:/eE3DogBjYlvlbhd2ssWyeuovWunHLxfgw3s/OJa4GQ=
github.com/aws/aws-sdk-go-v2/service/sso v1.24.15/go.mod h1:2PCJYpi7EKeA5SkStAmZlF6fi0uUABuhtF8ILHjGc3Y=
github.com/aws/aws-sdk-go-v2/service/ssooidc v1.28.14 h1:M/zwXiL2iXUrHputuXgmO94TVNmcenPHxgLXLutodKE=
github.com/aws/aws-sdk-go-v2/service/ssooidc v1.28.14/go.mod h1:RVwIw3y/IqxC2YEXSIkAzRDdEU1iRabDPaYjpGCbCGQ=
github.com/aws/aws-sdk-go-v2/service/sts v1.33.14 h1:TzeR06UCMUq+KA3bDkujxK1GVGy+G8qQN/QVYzGLkQE=
github.com/aws/aws-sdk-go-v2/service/sts v1.33.14/go.mod h1:dspXf/oYWGWo6DEvj98wpaTeqt5+DMidZD0A9BYTizc=
github.com/aws/smithy-go v1.22.5 h1:P9ATCXPMb2mPjYBgueqJNCA5S9UfktsW0tTxi+a7eqw=
github.com/aws/smithy-go v1.22.5/go.mod h1:t1ufH5HMublsJYulve2RKmHDC15xu1f26kHCp/HgceI=
github.com/davecgh/go-spew v1.1.1 h1:vj9j/u1bqnvCEfJOwUhtlOARqs3+rkHYY13jYWTU97c=
github.com/davecgh/go-spew v1.1.1/go.mod h1:J7Y8YcW2NihsgmVo/mv3lAwl/skON4iLHjSsI+c5H38=
github.com/pmezard/go-difflib v1.0.0 h1:4DBwDE0NGyQoBHbLQYPwSUPoCMWR5BEzIk/f1lZbAQM=
github.com/pmezard/go-difflib v1.0.0/go.mod h1:iKH77koFhYxTK1pcRnkKkqfTogsbg7gZNVY4sRDYZ/4=
github.com/stretchr/testify v1.7.2 h1:4jaiDzPyXQvSd7D0EjG45355tLlV3VOECpq10pLC+8s=
github.com/stretchr/testify v1.7.2/go.mod h1:R6va5+xMeoiuVRoj+gSkQ7d3FALtqAAGI1FQKckRals=
gopkg.in/yaml.v3 v3.0.1 h1:fxVm/GzAzEWqLHuvctI91KS9hhNmmWOoWu0XTYJS7CA=
gopkg.in/yaml.v3 v3.0.1/go.mod h1:K4uyk7z7BCEPqu6E+C64Yfv1cQ7kz7rIZviUmN+EgEM=
